
Microsoft Visual Studio Solution File, Format Version 12.00
# Visual Studio Version 16
VisualStudioVersion = 16.0.29102.190
MinimumVisualStudioVersion = 10.0.40219.1
Project("{9A19103F-16F7-4668-BE54-9A1E7A4F7556}") = "StratusCloudNetworking", "StratusCloudNetworking\StratusCloudNetworking.csproj", "{403572BD-7DEB-440B-AD18-C33E43F432E0}"
EndProject
Project("{9A19103F-16F7-4668-BE54-9A1E7A4F7556}") = "StratusMasterServer", "StratusMasterServer\StratusMasterServer.csproj", "{D6267511-E60B-46A3-A300-7342340D7163}"
	ProjectSection(ProjectDependencies) = postProject
		{403572BD-7DEB-440B-AD18-C33E43F432E0} = {403572BD-7DEB-440B-AD18-C33E43F432E0}
	EndProjectSection
EndProject
Project("{9A19103F-16F7-4668-BE54-9A1E7A4F7556}") = "StratusGameServer", "StratusGameServer\StratusGameServer.csproj", "{6FB74C42-FC79-405C-8D21-9A296283733D}"
	ProjectSection(ProjectDependencies) = postProject
		{403572BD-7DEB-440B-AD18-C33E43F432E0} = {403572BD-7DEB-440B-AD18-C33E43F432E0}
	EndProjectSection
EndProject
Project("{FAE04EC0-301F-11D3-BF4B-00C04F79EFBC}") = "UDPTest", "UDPTest\UDPTest.csproj", "{1AE4710C-0042-4385-B876-81066D9FBCCA}"
EndProject
Project("{FAE04EC0-301F-11D3-BF4B-00C04F79EFBC}") = "TransportLayerTesting", "TransportLayerTesting\TransportLayerTesting.csproj", "{1BACA0C8-A673-4D39-ADA4-5503360B23DF}"
	ProjectSection(ProjectDependencies) = postProject
		{403572BD-7DEB-440B-AD18-C33E43F432E0} = {403572BD-7DEB-440B-AD18-C33E43F432E0}
	EndProjectSection
EndProject
Global
	GlobalSection(SolutionConfigurationPlatforms) = preSolution
		Debug|Any CPU = Debug|Any CPU
		Release|Any CPU = Release|Any CPU
	EndGlobalSection
	GlobalSection(ProjectConfigurationPlatforms) = postSolution
		{403572BD-7DEB-440B-AD18-C33E43F432E0}.Debug|Any CPU.ActiveCfg = Debug|Any CPU
		{403572BD-7DEB-440B-AD18-C33E43F432E0}.Debug|Any CPU.Build.0 = Debug|Any CPU
		{403572BD-7DEB-440B-AD18-C33E43F432E0}.Release|Any CPU.ActiveCfg = Release|Any CPU
		{403572BD-7DEB-440B-AD18-C33E43F432E0}.Release|Any CPU.Build.0 = Release|Any CPU
		{D6267511-E60B-46A3-A300-7342340D7163}.Debug|Any CPU.ActiveCfg = Debug|Any CPU
		{D6267511-E60B-46A3-A300-7342340D7163}.Debug|Any CPU.Build.0 = Debug|Any CPU
		{D6267511-E60B-46A3-A300-7342340D7163}.Release|Any CPU.ActiveCfg = Release|Any CPU
		{D6267511-E60B-46A3-A300-7342340D7163}.Release|Any CPU.Build.0 = Release|Any CPU
		{6FB74C42-FC79-405C-8D21-9A296283733D}.Debug|Any CPU.ActiveCfg = Debug|Any CPU
		{6FB74C42-FC79-405C-8D21-9A296283733D}.Debug|Any CPU.Build.0 = Debug|Any CPU
		{6FB74C42-FC79-405C-8D21-9A296283733D}.Release|Any CPU.ActiveCfg = Release|Any CPU
		{6FB74C42-FC79-405C-8D21-9A296283733D}.Release|Any CPU.Build.0 = Release|Any CPU
		{1AE4710C-0042-4385-B876-81066D9FBCCA}.Debug|Any CPU.ActiveCfg = Debug|Any CPU
		{1AE4710C-0042-4385-B876-81066D9FBCCA}.Debug|Any CPU.Build.0 = Debug|Any CPU
		{1AE4710C-0042-4385-B876-81066D9FBCCA}.Release|Any CPU.ActiveCfg = Release|Any CPU
		{1AE4710C-0042-4385-B876-81066D9FBCCA}.Release|Any CPU.Build.0 = Release|Any CPU
		{1BACA0C8-A673-4D39-ADA4-5503360B23DF}.Debug|Any CPU.ActiveCfg = Debug|Any CPU
		{1BACA0C8-A673-4D39-ADA4-5503360B23DF}.Debug|Any CPU.Build.0 = Debug|Any CPU
		{1BACA0C8-A673-4D39-ADA4-5503360B23DF}.Release|Any CPU.ActiveCfg = Release|Any CPU
		{1BACA0C8-A673-4D39-ADA4-5503360B23DF}.Release|Any CPU.Build.0 = Release|Any CPU
	EndGlobalSection
	GlobalSection(SolutionProperties) = preSolution
		HideSolutionNode = FALSE
	EndGlobalSection
	GlobalSection(ExtensibilityGlobals) = postSolution
		SolutionGuid = {4CE322BE-AB2D-416A-A966-458C80E99C65}
	EndGlobalSection
EndGlobal
